
Microsoft Visual Studio Solution File, Format Version 12.00
# Visual Studio 14
VisualStudioVersion = 14.0.25123.0
MinimumVisualStudioVersion = 10.0.40219.1
Project("{FAE04EC0-301F-11D3-BF4B-00C04F79EFBC}") = "SpecflowTestExample", "SpecflowTestExample\SpecflowTestExample.csproj", "{D7974585-4113-4470-BF59-C5757116E4B1}"
EndProject
Project("{FAE04EC0-301F-11D3-BF4B-00C04F79EFBC}") = "PageObject", "PageObject\PageObject.csproj", "{F5F37F68-932A-4EE3-863E-24A40A50D91E}"
EndProject
Project("{FAE04EC0-301F-11D3-BF4B-00C04F79EFBC}") = "SeleniumFramework", "SeleniumFramework\SeleniumFramework.csproj", "{6FB4C3B6-0348-4365-BF1A-E23707343CEA}"
EndProject
Project("{FAE04EC0-301F-11D3-BF4B-00C04F79EFBC}") = "DataBaseHelper", "DataBaseHelper\DataBaseHelper.csproj", "{A9FD80A6-B9CB-4896-80F0-1E9303331072}"
EndProject
Global
	GlobalSection(SolutionConfigurationPlatforms) = preSolution
		Debug|Any CPU = Debug|Any CPU
		Release|Any CPU = Release|Any CPU
	EndGlobalSection
	GlobalSection(ProjectConfigurationPlatforms) = postSolution
		{D7974585-4113-4470-BF59-C5757116E4B1}.Debug|Any CPU.ActiveCfg = Debug|Any CPU
		{D7974585-4113-4470-BF59-C5757116E4B1}.Debug|Any CPU.Build.0 = Debug|Any CPU
		{D7974585-4113-4470-BF59-C5757116E4B1}.Release|Any CPU.ActiveCfg = Release|Any CPU
		{D7974585-4113-4470-BF59-C5757116E4B1}.Release|Any CPU.Build.0 = Release|Any CPU
		{F5F37F68-932A-4EE3-863E-24A40A50D91E}.Debug|Any CPU.ActiveCfg = Debug|Any CPU
		{F5F37F68-932A-4EE3-863E-24A40A50D91E}.Debug|Any CPU.Build.0 = Debug|Any CPU
		{F5F37F68-932A-4EE3-863E-24A40A50D91E}.Release|Any CPU.ActiveCfg = Release|Any CPU
		{F5F37F68-932A-4EE3-863E-24A40A50D91E}.Release|Any CPU.Build.0 = Release|Any CPU
		{6FB4C3B6-0348-4365-BF1A-E23707343CEA}.Debug|Any CPU.ActiveCfg = Debug|Any CPU
		{6FB4C3B6-0348-4365-BF1A-E23707343CEA}.Debug|Any CPU.Build.0 = Debug|Any CPU
		{6FB4C3B6-0348-4365-BF1A-E23707343CEA}.Release|Any CPU.ActiveCfg = Release|Any CPU
		{6FB4C3B6-0348-4365-BF1A-E23707343CEA}.Release|Any CPU.Build.0 = Release|Any CPU
		{A9FD80A6-B9CB-4896-80F0-1E9303331072}.Debug|Any CPU.ActiveCfg = Debug|Any CPU
		{A9FD80A6-B9CB-4896-80F0-1E9303331072}.Debug|Any CPU.Build.0 = Debug|Any CPU
		{A9FD80A6-B9CB-4896-80F0-1E9303331072}.Release|Any CPU.ActiveCfg = Release|Any CPU
		{A9FD80A6-B9CB-4896-80F0-1E9303331072}.Release|Any CPU.Build.0 = Release|Any CPU
	EndGlobalSection
	GlobalSection(SolutionProperties) = preSolution
		HideSolutionNode = FALSE
	EndGlobalSection
EndGlobal
